Microsoft Visual Studio Solution File, Format Version 11.00
# Visual Studio 2008

Project("{7961D4FD-8DC6-D3D0-C7E4-0B15DEF54860}") = "v11.2", "Assembly-CSharp-firstpass-vs.csproj", "{80233CB8-8032-58E7-E409-22D1B4EA6E54}"
EndProject
Project("{7961D4FD-8DC6-D3D0-C7E4-0B15DEF54860}") = "v11.2", "Assembly-CSharp-vs.csproj", "{47B55FBF-EB3E-D5B2-5E35-7A4DF52C1DCB}"
EndProject
Global
	GlobalSection(SolutionConfigurationPlatforms) = preSolution
		Debug|Any CPU = Debug|Any CPU
		Release|Any CPU = Release|Any CPU
	EndGlobalSection
	GlobalSection(ProjectConfigurationPlatforms) = postSolution
		{80233CB8-8032-58E7-E409-22D1B4EA6E54}.Debug|Any CPU.ActiveCfg = Debug|Any CPU
		{80233CB8-8032-58E7-E409-22D1B4EA6E54}.Debug|Any CPU.Build.0 = Debug|Any CPU
		{80233CB8-8032-58E7-E409-22D1B4EA6E54}.Release|Any CPU.ActiveCfg = Release|Any CPU
		{80233CB8-8032-58E7-E409-22D1B4EA6E54}.Release|Any CPU.Build.0 = Release|Any CPU
		{47B55FBF-EB3E-D5B2-5E35-7A4DF52C1DCB}.Debug|Any CPU.ActiveCfg = Debug|Any CPU
		{47B55FBF-EB3E-D5B2-5E35-7A4DF52C1DCB}.Debug|Any CPU.Build.0 = Debug|Any CPU
		{47B55FBF-EB3E-D5B2-5E35-7A4DF52C1DCB}.Release|Any CPU.ActiveCfg = Release|Any CPU
		{47B55FBF-EB3E-D5B2-5E35-7A4DF52C1DCB}.Release|Any CPU.Build.0 = Release|Any CPU
	EndGlobalSection
	GlobalSection(SolutionProperties) = preSolution
		HideSolutionNode = FALSE
	EndGlobalSection
		GlobalSection(MonoDevelopProperties) = preSolution
		StartupItem = Assembly-CSharp.csproj
		Policies = $0
		$0.TextStylePolicy = $1
		$1.inheritsSet = null
		$1.scope = text/x-csharp
		$0.CSharpFormattingPolicy = $2
		$2.inheritsSet = Mono
		$2.inheritsScope = text/x-csharp
		$2.scope = text/x-csharp
		$0.TextStylePolicy = $3
		$3.FileWidth = 120
		$3.TabWidth = 4
		$3.EolMarker = Unix
		$3.inheritsSet = Mono
		$3.inheritsScope = text/plain
		$3.scope = text/plain
	EndGlobalSection

EndGlobal
