Microsoft Visual Studio Solution File, Format Version 11.00
# Visual Studio 2008

Project("{0AF45C99-BEB7-A9AF-C919-2665C4A05CD3}") = "v6", "Assembly-CSharp-firstpass.csproj", "{C13FD850-C0A2-09EC-824B-B439D8623847}"
EndProject
Project("{0AF45C99-BEB7-A9AF-C919-2665C4A05CD3}") = "v6", "Assembly-CSharp.csproj", "{C589B9CC-7E0F-DC0B-D5CC-941D64670064}"
EndProject
Project("{0AF45C99-BEB7-A9AF-C919-2665C4A05CD3}") = "v6", "Assembly-UnityScript-firstpass.unityproj", "{AFDA065E-1A39-ECB8-FAC0-B2622E1EFFFD}"
EndProject
Project("{0AF45C99-BEB7-A9AF-C919-2665C4A05CD3}") = "v6", "Assembly-UnityScript.unityproj", "{CAB7CA0D-240D-6670-6A0C-294CA08B5E78}"
EndProject
Global
	GlobalSection(SolutionConfigurationPlatforms) = preSolution
		Debug|Any CPU = Debug|Any CPU
		Release|Any CPU = Release|Any CPU
	EndGlobalSection
	GlobalSection(ProjectConfigurationPlatforms) = postSolution
		{C13FD850-C0A2-09EC-824B-B439D8623847}.Debug|Any CPU.ActiveCfg = Debug|Any CPU
		{C13FD850-C0A2-09EC-824B-B439D8623847}.Debug|Any CPU.Build.0 = Debug|Any CPU
		{C13FD850-C0A2-09EC-824B-B439D8623847}.Release|Any CPU.ActiveCfg = Release|Any CPU
		{C13FD850-C0A2-09EC-824B-B439D8623847}.Release|Any CPU.Build.0 = Release|Any CPU
		{C589B9CC-7E0F-DC0B-D5CC-941D64670064}.Debug|Any CPU.ActiveCfg = Debug|Any CPU
		{C589B9CC-7E0F-DC0B-D5CC-941D64670064}.Debug|Any CPU.Build.0 = Debug|Any CPU
		{C589B9CC-7E0F-DC0B-D5CC-941D64670064}.Release|Any CPU.ActiveCfg = Release|Any CPU
		{C589B9CC-7E0F-DC0B-D5CC-941D64670064}.Release|Any CPU.Build.0 = Release|Any CPU
		{AFDA065E-1A39-ECB8-FAC0-B2622E1EFFFD}.Debug|Any CPU.ActiveCfg = Debug|Any CPU
		{AFDA065E-1A39-ECB8-FAC0-B2622E1EFFFD}.Debug|Any CPU.Build.0 = Debug|Any CPU
		{AFDA065E-1A39-ECB8-FAC0-B2622E1EFFFD}.Release|Any CPU.ActiveCfg = Release|Any CPU
		{AFDA065E-1A39-ECB8-FAC0-B2622E1EFFFD}.Release|Any CPU.Build.0 = Release|Any CPU
		{CAB7CA0D-240D-6670-6A0C-294CA08B5E78}.Debug|Any CPU.ActiveCfg = Debug|Any CPU
		{CAB7CA0D-240D-6670-6A0C-294CA08B5E78}.Debug|Any CPU.Build.0 = Debug|Any CPU
		{CAB7CA0D-240D-6670-6A0C-294CA08B5E78}.Release|Any CPU.ActiveCfg = Release|Any CPU
		{CAB7CA0D-240D-6670-6A0C-294CA08B5E78}.Release|Any CPU.Build.0 = Release|Any CPU
	EndGlobalSection
	GlobalSection(SolutionProperties) = preSolution
		HideSolutionNode = FALSE
	EndGlobalSection
												GlobalSection(MonoDevelopProperties) = preSolution
		StartupItem = Assembly-CSharp.csproj
		Policies = $0
		$0.TextStylePolicy = $1
		$1.inheritsSet = null
		$1.scope = text/x-csharp
		$0.CSharpFormattingPolicy = $2
		$2.inheritsSet = Mono
		$2.inheritsScope = text/x-csharp
		$2.scope = text/x-csharp
		$0.TextStylePolicy = $3
		$3.FileWidth = 120
		$3.TabWidth = 4
		$3.EolMarker = Unix
		$3.inheritsSet = Mono
		$3.inheritsScope = text/plain
		$3.scope = text/plain
	EndGlobalSection

EndGlobal
